// !$*UTF8*$!
{
	archiveVersion = 1;
	classes = {
	};
	objectVersion = 48;
	objects = {

/* Begin PBXBuildFile section */
		D44D20A820E2821B00975971 /* ConstraintGroup.swift in Sources */ = {isa = PBXBuildFile; fileRef = D44D20A720E2821B00975971 /* ConstraintGroup.swift */; };
		D4C294D9203490950040B988 /* SwiftLayout.framework in Frameworks */ = {isa = PBXBuildFile; fileRef = D4C294CF203490950040B988 /* SwiftLayout.framework */; };
		D4C294DE203490950040B988 /* SwiftLayoutTests.swift in Sources */ = {isa = PBXBuildFile; fileRef = D4C294DD203490950040B988 /* SwiftLayoutTests.swift */; };
		D4C294E0203490950040B988 /* SwiftLayout.h in Headers */ = {isa = PBXBuildFile; fileRef = D4C294D2203490950040B988 /* SwiftLayout.h */; settings = {ATTRIBUTES = (Public, ); }; };
		D4C294F12034963F0040B988 /* SLTBox+Layout.swift in Sources */ = {isa = PBXBuildFile; fileRef = D4C294F02034963F0040B988 /* SLTBox+Layout.swift */; };
		D4C294F42034968D0040B988 /* LayoutItemProtocol.swift in Sources */ = {isa = PBXBuildFile; fileRef = D4C294F32034968D0040B988 /* LayoutItemProtocol.swift */; };
		D4C294F6203496D50040B988 /* View+LayoutItemProtocol.swift in Sources */ = {isa = PBXBuildFile; fileRef = D4C294F5203496D50040B988 /* View+LayoutItemProtocol.swift */; };
		D4C294F8203496FA0040B988 /* LayoutGuide+LayoutItemProtocol.swift in Sources */ = {isa = PBXBuildFile; fileRef = D4C294F7203496FA0040B988 /* LayoutGuide+LayoutItemProtocol.swift */; };
		D4C294FD203497680040B988 /* LayoutAnchorAccessible.swift in Sources */ = {isa = PBXBuildFile; fileRef = D4C294FC203497680040B988 /* LayoutAnchorAccessible.swift */; };
		D4C294FF2034978F0040B988 /* View+LayoutAnchorAccessible.swift in Sources */ = {isa = PBXBuildFile; fileRef = D4C294FE2034978F0040B988 /* View+LayoutAnchorAccessible.swift */; };
		D4C29501203497A20040B988 /* LayoutGuide+LayoutAnchorAccessible.swift in Sources */ = {isa = PBXBuildFile; fileRef = D4C29500203497A20040B988 /* LayoutGuide+LayoutAnchorAccessible.swift */; };
		D4C29503203497CA0040B988 /* LayoutContext.swift in Sources */ = {isa = PBXBuildFile; fileRef = D4C29502203497CA0040B988 /* LayoutContext.swift */; };
		D4C29505203497E10040B988 /* LayoutContext+LayoutExpressionInjectable.swift in Sources */ = {isa = PBXBuildFile; fileRef = D4C29504203497E10040B988 /* LayoutContext+LayoutExpressionInjectable.swift */; };
		D4C29507203498140040B988 /* LayoutExpr.swift in Sources */ = {isa = PBXBuildFile; fileRef = D4C29506203498140040B988 /* LayoutExpr.swift */; };
		D4C29509203498360040B988 /* LayoutStmt.swift in Sources */ = {isa = PBXBuildFile; fileRef = D4C29508203498360040B988 /* LayoutStmt.swift */; };
		D4C2950B203499020040B988 /* SLTBox+AnchorExpr.swift in Sources */ = {isa = PBXBuildFile; fileRef = D4C2950A203499020040B988 /* SLTBox+AnchorExpr.swift */; };
		D4C2950D2034991A0040B988 /* LayoutContext+AnchorExpr.swift in Sources */ = {isa = PBXBuildFile; fileRef = D4C2950C2034991A0040B988 /* LayoutContext+AnchorExpr.swift */; };
		D4C2950F203499370040B988 /* StmtParsing+Dimension.swift in Sources */ = {isa = PBXBuildFile; fileRef = D4C2950E203499370040B988 /* StmtParsing+Dimension.swift */; };
		D4C29511203499520040B988 /* StmtParsing+XAxis.swift in Sources */ = {isa = PBXBuildFile; fileRef = D4C29510203499520040B988 /* StmtParsing+XAxis.swift */; };
		D4C295132034996A0040B988 /* StmtParsing+YAxis.swift in Sources */ = {isa = PBXBuildFile; fileRef = D4C295122034996A0040B988 /* StmtParsing+YAxis.swift */; };
		D4C295D1204593FA0040B988 /* SLTBox.swift in Sources */ = {isa = PBXBuildFile; fileRef = D4C295D0204593FA0040B988 /* SLTBox.swift */; };
		D4C295D3204594CE0040B988 /* PlatformNeutralTypes.swift in Sources */ = {isa = PBXBuildFile; fileRef = D4C295D2204594CE0040B988 /* PlatformNeutralTypes.swift */; };
/* End PBXBuildFile section */

/* Begin PBXContainerItemProxy section */
		D4C294DA203490950040B988 /* PBXContainerItemProxy */ = {
			isa = PBXContainerItemProxy;
			containerPortal = D4C294C6203490950040B988 /* Project object */;
			proxyType = 1;
			remoteGlobalIDString = D4C294CE203490950040B988;
			remoteInfo = SwiftLayout;
		};
/* End PBXContainerItemProxy section */

/* Begin PBXFileReference section */
		D433D27A2035F0AC00F5DDBB /* README.md */ = {isa = PBXFileReference; lastKnownFileType = net.daringfireball.markdown; path = README.md; sourceTree = "<group>"; };
		D44D20A720E2821B00975971 /* ConstraintGroup.swift */ = {isa = PBXFileReference; lastKnownFileType = sourcecode.swift; path = ConstraintGroup.swift; sourceTree = "<group>"; };
		D4C294CF203490950040B988 /* SwiftLayout.framework */ = {isa = PBXFileReference; explicitFileType = wrapper.framework; includeInIndex = 0; path = SwiftLayout.framework; sourceTree = BUILT_PRODUCTS_DIR; };
		D4C294D2203490950040B988 /* SwiftLayout.h */ = {isa = PBXFileReference; lastKnownFileType = sourcecode.c.h; path = SwiftLayout.h; sourceTree = "<group>"; };
		D4C294D3203490950040B988 /* Info.plist */ = {isa = PBXFileReference; lastKnownFileType = text.plist.xml; path = Info.plist; sourceTree = "<group>"; };
		D4C294D8203490950040B988 /* SwiftLayoutTests.xctest */ = {isa = PBXFileReference; explicitFileType = wrapper.cfbundle; includeInIndex = 0; path = SwiftLayoutTests.xctest; sourceTree = BUILT_PRODUCTS_DIR; };
		D4C294DD203490950040B988 /* SwiftLayoutTests.swift */ = {isa = PBXFileReference; lastKnownFileType = sourcecode.swift; path = SwiftLayoutTests.swift; sourceTree = "<group>"; };
		D4C294DF203490950040B988 /* Info.plist */ = {isa = PBXFileReference; lastKnownFileType = text.plist.xml; path = Info.plist; sourceTree = "<group>"; };
		D4C294F02034963F0040B988 /* SLTBox+Layout.swift */ = {isa = PBXFileReference; lastKnownFileType = sourcecode.swift; path = "SLTBox+Layout.swift"; sourceTree = "<group>"; };
		D4C294F32034968D0040B988 /* LayoutItemProtocol.swift */ = {isa = PBXFileReference; lastKnownFileType = sourcecode.swift; path = LayoutItemProtocol.swift; sourceTree = "<group>"; };
		D4C294F5203496D50040B988 /* View+LayoutItemProtocol.swift */ = {isa = PBXFileReference; lastKnownFileType = sourcecode.swift; path = "View+LayoutItemProtocol.swift"; sourceTree = "<group>"; };
		D4C294F7203496FA0040B988 /* LayoutGuide+LayoutItemProtocol.swift */ = {isa = PBXFileReference; lastKnownFileType = sourcecode.swift; path = "LayoutGuide+LayoutItemProtocol.swift"; sourceTree = "<group>"; };
		D4C294FC203497680040B988 /* LayoutAnchorAccessible.swift */ = {isa = PBXFileReference; lastKnownFileType = sourcecode.swift; path = LayoutAnchorAccessible.swift; sourceTree = "<group>"; };
		D4C294FE2034978F0040B988 /* View+LayoutAnchorAccessible.swift */ = {isa = PBXFileReference; lastKnownFileType = sourcecode.swift; path = "View+LayoutAnchorAccessible.swift"; sourceTree = "<group>"; };
		D4C29500203497A20040B988 /* LayoutGuide+LayoutAnchorAccessible.swift */ = {isa = PBXFileReference; lastKnownFileType = sourcecode.swift; path = "LayoutGuide+LayoutAnchorAccessible.swift"; sourceTree = "<group>"; };
		D4C29502203497CA0040B988 /* LayoutContext.swift */ = {isa = PBXFileReference; lastKnownFileType = sourcecode.swift; path = LayoutContext.swift; sourceTree = "<group>"; };
		D4C29504203497E10040B988 /* LayoutContext+LayoutExpressionInjectable.swift */ = {isa = PBXFileReference; lastKnownFileType = sourcecode.swift; path = "LayoutContext+LayoutExpressionInjectable.swift"; sourceTree = "<group>"; };
		D4C29506203498140040B988 /* LayoutExpr.swift */ = {isa = PBXFileReference; lastKnownFileType = sourcecode.swift; path = LayoutExpr.swift; sourceTree = "<group>"; };
		D4C29508203498360040B988 /* LayoutStmt.swift */ = {isa = PBXFileReference; lastKnownFileType = sourcecode.swift; path = LayoutStmt.swift; sourceTree = "<group>"; };
		D4C2950A203499020040B988 /* SLTBox+AnchorExpr.swift */ = {isa = PBXFileReference; lastKnownFileType = sourcecode.swift; path = "SLTBox+AnchorExpr.swift"; sourceTree = "<group>"; };
		D4C2950C2034991A0040B988 /* LayoutContext+AnchorExpr.swift */ = {isa = PBXFileReference; lastKnownFileType = sourcecode.swift; path = "LayoutContext+AnchorExpr.swift"; sourceTree = "<group>"; };
		D4C2950E203499370040B988 /* StmtParsing+Dimension.swift */ = {isa = PBXFileReference; lastKnownFileType = sourcecode.swift; path = "StmtParsing+Dimension.swift"; sourceTree = "<group>"; };
		D4C29510203499520040B988 /* StmtParsing+XAxis.swift */ = {isa = PBXFileReference; lastKnownFileType = sourcecode.swift; path = "StmtParsing+XAxis.swift"; sourceTree = "<group>"; };
		D4C295122034996A0040B988 /* StmtParsing+YAxis.swift */ = {isa = PBXFileReference; lastKnownFileType = sourcecode.swift; path = "StmtParsing+YAxis.swift"; sourceTree = "<group>"; };
		D4C295D0204593FA0040B988 /* SLTBox.swift */ = {isa = PBXFileReference; lastKnownFileType = sourcecode.swift; path = SLTBox.swift; sourceTree = "<group>"; };
		D4C295D2204594CE0040B988 /* PlatformNeutralTypes.swift */ = {isa = PBXFileReference; lastKnownFileType = sourcecode.swift; path = PlatformNeutralTypes.swift; sourceTree = "<group>"; };
/* End PBXFileReference section */

/* Begin PBXFrameworksBuildPhase section */
		D4C294CB203490950040B988 /* Frameworks */ = {
			isa = PBXFrameworksBuildPhase;
			buildActionMask = 2147483647;
			files = (
			);
			runOnlyForDeploymentPostprocessing = 0;
		};
		D4C294D5203490950040B988 /* Frameworks */ = {
			isa = PBXFrameworksBuildPhase;
			buildActionMask = 2147483647;
			files = (
				D4C294D9203490950040B988 /* SwiftLayout.framework in Frameworks */,
			);
			runOnlyForDeploymentPostprocessing = 0;
		};
/* End PBXFrameworksBuildPhase section */

/* Begin PBXGroup section */
		D44D20A620E281D500975971 /* Utils */ = {
			isa = PBXGroup;
			children = (
				D44D20A720E2821B00975971 /* ConstraintGroup.swift */,
			);
			path = Utils;
			sourceTree = "<group>";
		};
		D4C294C5203490950040B988 = {
			isa = PBXGroup;
			children = (
				D433D27A2035F0AC00F5DDBB /* README.md */,
				D4C294D1203490950040B988 /* SwiftLayout */,
				D4C294DC203490950040B988 /* SwiftLayoutTests */,
				D4C294D0203490950040B988 /* Products */,
			);
			sourceTree = "<group>";
		};
		D4C294D0203490950040B988 /* Products */ = {
			isa = PBXGroup;
			children = (
				D4C294CF203490950040B988 /* SwiftLayout.framework */,
				D4C294D8203490950040B988 /* SwiftLayoutTests.xctest */,
			);
			name = Products;
			sourceTree = "<group>";
		};
		D4C294D1203490950040B988 /* SwiftLayout */ = {
			isa = PBXGroup;
			children = (
				D4C294D2203490950040B988 /* SwiftLayout.h */,
				D4C294D3203490950040B988 /* Info.plist */,
				D4C294E92034943F0040B988 /* Boxing */,
				D4C294F2203496700040B988 /* LayoutItem */,
				D4C294F92034970E0040B988 /* LayoutAnchorAccessible */,
				D4C294FA203497180040B988 /* LayoutContext */,
				D4C294FB203497240040B988 /* LayoutParsing */,
				D44D20A620E281D500975971 /* Utils */,
			);
			path = SwiftLayout;
			sourceTree = "<group>";
		};
		D4C294DC203490950040B988 /* SwiftLayoutTests */ = {
			isa = PBXGroup;
			children = (
				D4C294DD203490950040B988 /* SwiftLayoutTests.swift */,
				D4C294DF203490950040B988 /* Info.plist */,
			);
			path = SwiftLayoutTests;
			sourceTree = "<group>";
		};
		D4C294E92034943F0040B988 /* Boxing */ = {
			isa = PBXGroup;
			children = (
				D4C295D2204594CE0040B988 /* PlatformNeutralTypes.swift */,
				D4C295D0204593FA0040B988 /* SLTBox.swift */,
				D4C294F02034963F0040B988 /* SLTBox+Layout.swift */,
			);
			path = Boxing;
			sourceTree = "<group>";
		};
		D4C294F2203496700040B988 /* LayoutItem */ = {
			isa = PBXGroup;
			children = (
				D4C294F32034968D0040B988 /* LayoutItemProtocol.swift */,
				D4C294F5203496D50040B988 /* View+LayoutItemProtocol.swift */,
				D4C294F7203496FA0040B988 /* LayoutGuide+LayoutItemProtocol.swift */,
			);
			path = LayoutItem;
			sourceTree = "<group>";
		};
		D4C294F92034970E0040B988 /* LayoutAnchorAccessible */ = {
			isa = PBXGroup;
			children = (
				D4C294FC203497680040B988 /* LayoutAnchorAccessible.swift */,
				D4C294FE2034978F0040B988 /* View+LayoutAnchorAccessible.swift */,
				D4C29500203497A20040B988 /* LayoutGuide+LayoutAnchorAccessible.swift */,
			);
			path = LayoutAnchorAccessible;
			sourceTree = "<group>";
		};
		D4C294FA203497180040B988 /* LayoutContext */ = {
			isa = PBXGroup;
			children = (
				D4C29502203497CA0040B988 /* LayoutContext.swift */,
				D4C29504203497E10040B988 /* LayoutContext+LayoutExpressionInjectable.swift */,
			);
			path = LayoutContext;
			sourceTree = "<group>";
		};
		D4C294FB203497240040B988 /* LayoutParsing */ = {
			isa = PBXGroup;
			children = (
				D4C29506203498140040B988 /* LayoutExpr.swift */,
				D4C29508203498360040B988 /* LayoutStmt.swift */,
				D4C2950A203499020040B988 /* SLTBox+AnchorExpr.swift */,
				D4C2950C2034991A0040B988 /* LayoutContext+AnchorExpr.swift */,
				D4C2950E203499370040B988 /* StmtParsing+Dimension.swift */,
				D4C29510203499520040B988 /* StmtParsing+XAxis.swift */,
				D4C295122034996A0040B988 /* StmtParsing+YAxis.swift */,
			);
			path = LayoutParsing;
			sourceTree = "<group>";
		};
/* End PBXGroup section */

/* Begin PBXHeadersBuildPhase section */
		D4C294CC203490950040B988 /* Headers */ = {
			isa = PBXHeadersBuildPhase;
			buildActionMask = 2147483647;
			files = (
				D4C294E0203490950040B988 /* SwiftLayout.h in Headers */,
			);
			runOnlyForDeploymentPostprocessing = 0;
		};
/* End PBXHeadersBuildPhase section */

/* Begin PBXNativeTarget section */
		D4C294CE203490950040B988 /* SwiftLayout */ = {
			isa = PBXNativeTarget;
			buildConfigurationList = D4C294E3203490950040B988 /* Build configuration list for PBXNativeTarget "SwiftLayout" */;
			buildPhases = (
				D4C294CA203490950040B988 /* Sources */,
				D4C294CB203490950040B988 /* Frameworks */,
				D4C294CC203490950040B988 /* Headers */,
				D4C294CD203490950040B988 /* Resources */,
			);
			buildRules = (
			);
			dependencies = (
			);
			name = SwiftLayout;
			productName = SwiftLayout;
			productReference = D4C294CF203490950040B988 /* SwiftLayout.framework */;
			productType = "com.apple.product-type.framework";
		};
		D4C294D7203490950040B988 /* SwiftLayoutTests */ = {
			isa = PBXNativeTarget;
			buildConfigurationList = D4C294E6203490950040B988 /* Build configuration list for PBXNativeTarget "SwiftLayoutTests" */;
			buildPhases = (
				D4C294D4203490950040B988 /* Sources */,
				D4C294D5203490950040B988 /* Frameworks */,
				D4C294D6203490950040B988 /* Resources */,
			);
			buildRules = (
			);
			dependencies = (
				D4C294DB203490950040B988 /* PBXTargetDependency */,
			);
			name = SwiftLayoutTests;
			productName = SwiftLayoutTests;
			productReference = D4C294D8203490950040B988 /* SwiftLayoutTests.xctest */;
			productType = "com.apple.product-type.bundle.unit-test";
		};
/* End PBXNativeTarget section */

/* Begin PBXProject section */
		D4C294C6203490950040B988 /* Project object */ = {
			isa = PBXProject;
			attributes = {
				LastSwiftUpdateCheck = 0920;
				LastUpgradeCheck = 0930;
				ORGANIZATIONNAME = "Zhu Shengqi";
				TargetAttributes = {
					D4C294CE203490950040B988 = {
						CreatedOnToolsVersion = 9.2;
						LastSwiftMigration = 1000;
						ProvisioningStyle = Automatic;
					};
					D4C294D7203490950040B988 = {
						CreatedOnToolsVersion = 9.2;
						LastSwiftMigration = 1000;
						ProvisioningStyle = Automatic;
					};
				};
			};
			buildConfigurationList = D4C294C9203490950040B988 /* Build configuration list for PBXProject "SwiftLayout" */;
			compatibilityVersion = "Xcode 8.0";
			developmentRegion = en;
			hasScannedForEncodings = 0;
			knownRegions = (
				en,
			);
			mainGroup = D4C294C5203490950040B988;
			productRefGroup = D4C294D0203490950040B988 /* Products */;
			projectDirPath = "";
			projectRoot = "";
			targets = (
				D4C294CE203490950040B988 /* SwiftLayout */,
				D4C294D7203490950040B988 /* SwiftLayoutTests */,
			);
		};
/* End PBXProject section */

/* Begin PBXResourcesBuildPhase section */
		D4C294CD203490950040B988 /* Resources */ = {
			isa = PBXResourcesBuildPhase;
			buildActionMask = 2147483647;
			files = (
			);
			runOnlyForDeploymentPostprocessing = 0;
		};
		D4C294D6203490950040B988 /* Resources */ = {
			isa = PBXResourcesBuildPhase;
			buildActionMask = 2147483647;
			files = (
			);
			runOnlyForDeploymentPostprocessing = 0;
		};
/* End PBXResourcesBuildPhase section */

/* Begin PBXSourcesBuildPhase section */
		D4C294CA203490950040B988 /* Sources */ = {
			isa = PBXSourcesBuildPhase;
			buildActionMask = 2147483647;
			files = (
				D4C294F42034968D0040B988 /* LayoutItemProtocol.swift in Sources */,
				D4C2950D2034991A0040B988 /* LayoutContext+AnchorExpr.swift in Sources */,
				D4C29503203497CA0040B988 /* LayoutContext.swift in Sources */,
				D44D20A820E2821B00975971 /* ConstraintGroup.swift in Sources */,
				D4C2950F203499370040B988 /* StmtParsing+Dimension.swift in Sources */,
				D4C294F8203496FA0040B988 /* LayoutGuide+LayoutItemProtocol.swift in Sources */,
				D4C295132034996A0040B988 /* StmtParsing+YAxis.swift in Sources */,
				D4C294F12034963F0040B988 /* SLTBox+Layout.swift in Sources */,
				D4C294FF2034978F0040B988 /* View+LayoutAnchorAccessible.swift in Sources */,
				D4C29509203498360040B988 /* LayoutStmt.swift in Sources */,
				D4C29501203497A20040B988 /* LayoutGuide+LayoutAnchorAccessible.swift in Sources */,
				D4C29507203498140040B988 /* LayoutExpr.swift in Sources */,
				D4C2950B203499020040B988 /* SLTBox+AnchorExpr.swift in Sources */,
				D4C29511203499520040B988 /* StmtParsing+XAxis.swift in Sources */,
				D4C294FD203497680040B988 /* LayoutAnchorAccessible.swift in Sources */,
				D4C295D3204594CE0040B988 /* PlatformNeutralTypes.swift in Sources */,
				D4C29505203497E10040B988 /* LayoutContext+LayoutExpressionInjectable.swift in Sources */,
				D4C294F6203496D50040B988 /* View+LayoutItemProtocol.swift in Sources */,
				D4C295D1204593FA0040B988 /* SLTBox.swift in Sources */,
			);
			runOnlyForDeploymentPostprocessing = 0;
		};
		D4C294D4203490950040B988 /* Sources */ = {
			isa = PBXSourcesBuildPhase;
			buildActionMask = 2147483647;
			files = (
				D4C294DE203490950040B988 /* SwiftLayoutTests.swift in Sources */,
			);
			runOnlyForDeploymentPostprocessing = 0;
		};
/* End PBXSourcesBuildPhase section */

/* Begin PBXTargetDependency section */
		D4C294DB203490950040B988 /* PBXTargetDependency */ = {
			isa = PBXTargetDependency;
			target = D4C294CE203490950040B988 /* SwiftLayout */;
			targetProxy = D4C294DA203490950040B988 /* PBXContainerItemProxy */;
		};
/* End PBXTargetDependency section */

/* Begin XCBuildConfiguration section */
		D4C294E1203490950040B988 /* Debug */ = {
			isa = XCBuildConfiguration;
			buildSettings = {
				ALWAYS_SEARCH_USER_PATHS = NO;
				CLANG_ANALYZER_NONNULL = YES;
				CLANG_ANALYZER_NUMBER_OBJECT_CONVERSION = YES_AGGRESSIVE;
				CLANG_CXX_LANGUAGE_STANDARD = "gnu++14";
				CLANG_CXX_LIBRARY = "libc++";
				CLANG_ENABLE_MODULES = YES;
				CLANG_ENABLE_OBJC_ARC = YES;
				CLANG_WARN_BLOCK_CAPTURE_AUTORELEASING = YES;
				CLANG_WARN_BOOL_CONVERSION = YES;
				CLANG_WARN_COMMA = YES;
				CLANG_WARN_CONSTANT_CONVERSION = YES;
				CLANG_WARN_DEPRECATED_OBJC_IMPLEMENTATIONS = YES;
				CLANG_WARN_DIRECT_OBJC_ISA_USAGE = YES_ERROR;
				CLANG_WARN_DOCUMENTATION_COMMENTS = YES;
				CLANG_WARN_EMPTY_BODY = YES;
				CLANG_WARN_ENUM_CONVERSION = YES;
				CLANG_WARN_INFINITE_RECURSION = YES;
				CLANG_WARN_INT_CONVERSION = YES;
				CLANG_WARN_NON_LITERAL_NULL_CONVERSION = YES;
				CLANG_WARN_OBJC_IMPLICIT_RETAIN_SELF = YES;
				CLANG_WARN_OBJC_LITERAL_CONVERSION = YES;
				CLANG_WARN_OBJC_ROOT_CLASS = YES_ERROR;
				CLANG_WARN_RANGE_LOOP_ANALYSIS = YES;
				CLANG_WARN_STRICT_PROTOTYPES = YES;
				CLANG_WARN_SUSPICIOUS_MOVE = YES;
				CLANG_WARN_UNGUARDED_AVAILABILITY = YES_AGGRESSIVE;
				CLANG_WARN_UNREACHABLE_CODE = YES;
				CLANG_WARN__DUPLICATE_METHOD_MATCH = YES;
				CODE_SIGN_IDENTITY = "iPhone Developer";
				COPY_PHASE_STRIP = NO;
				CURRENT_PROJECT_VERSION = 1;
				DEBUG_INFORMATION_FORMAT = dwarf;
				ENABLE_STRICT_OBJC_MSGSEND = YES;
				ENABLE_TESTABILITY = YES;
				GCC_C_LANGUAGE_STANDARD = gnu11;
				GCC_DYNAMIC_NO_PIC = NO;
				GCC_NO_COMMON_BLOCKS = YES;
				GCC_OPTIMIZATION_LEVEL = 0;
				GCC_PREPROCESSOR_DEFINITIONS = (
					"DEBUG=1",
					"$(inherited)",
				);
				GCC_WARN_64_TO_32_BIT_CONVERSION = YES;
				GCC_WARN_ABOUT_RETURN_TYPE = YES_ERROR;
				GCC_WARN_UNDECLARED_SELECTOR = YES;
				GCC_WARN_UNINITIALIZED_AUTOS = YES_AGGRESSIVE;
				GCC_WARN_UNUSED_FUNCTION = YES;
				GCC_WARN_UNUSED_VARIABLE = YES;
				IPHONEOS_DEPLOYMENT_TARGET = 10.0;
				MTL_ENABLE_DEBUG_INFO = YES;
				ONLY_ACTIVE_ARCH = YES;
				SDKROOT = macosx;
				SUPPORTED_PLATFORMS = "macosx iphoneos iphonesimulator";
				SWIFT_ACTIVE_COMPILATION_CONDITIONS = DEBUG;
				SWIFT_OPTIMIZATION_LEVEL = "-Onone";
				VALID_ARCHS = "i386 x86_64 arm64 armv7 armv7s";
				VERSIONING_SYSTEM = "apple-generic";
				VERSION_INFO_PREFIX = "";
			};
			name = Debug;
		};
		D4C294E2203490950040B988 /* Release */ = {
			isa = XCBuildConfiguration;
			buildSettings = {
				ALWAYS_SEARCH_USER_PATHS = NO;
				CLANG_ANALYZER_NONNULL = YES;
				CLANG_ANALYZER_NUMBER_OBJECT_CONVERSION = YES_AGGRESSIVE;
				CLANG_CXX_LANGUAGE_STANDARD = "gnu++14";
				CLANG_CXX_LIBRARY = "libc++";
				CLANG_ENABLE_MODULES = YES;
				CLANG_ENABLE_OBJC_ARC = YES;
				CLANG_WARN_BLOCK_CAPTURE_AUTORELEASING = YES;
				CLANG_WARN_BOOL_CONVERSION = YES;
				CLANG_WARN_COMMA = YES;
				CLANG_WARN_CONSTANT_CONVERSION = YES;
				CLANG_WARN_DEPRECATED_OBJC_IMPLEMENTATIONS = YES;
				CLANG_WARN_DIRECT_OBJC_ISA_USAGE = YES_ERROR;
				CLANG_WARN_DOCUMENTATION_COMMENTS = YES;
				CLANG_WARN_EMPTY_BODY = YES;
				CLANG_WARN_ENUM_CONVERSION = YES;
				CLANG_WARN_INFINITE_RECURSION = YES;
				CLANG_WARN_INT_CONVERSION = YES;
				CLANG_WARN_NON_LITERAL_NULL_CONVERSION = YES;
				CLANG_WARN_OBJC_IMPLICIT_RETAIN_SELF = YES;
				CLANG_WARN_OBJC_LITERAL_CONVERSION = YES;
				CLANG_WARN_OBJC_ROOT_CLASS = YES_ERROR;
				CLANG_WARN_RANGE_LOOP_ANALYSIS = YES;
				CLANG_WARN_STRICT_PROTOTYPES = YES;
				CLANG_WARN_SUSPICIOUS_MOVE = YES;
				CLANG_WARN_UNGUARDED_AVAILABILITY = YES_AGGRESSIVE;
				CLANG_WARN_UNREACHABLE_CODE = YES;
				CLANG_WARN__DUPLICATE_METHOD_MATCH = YES;
				CODE_SIGN_IDENTITY = "iPhone Developer";
				COPY_PHASE_STRIP = NO;
				CURRENT_PROJECT_VERSION = 1;
				DEBUG_INFORMATION_FORMAT = "dwarf-with-dsym";
				ENABLE_NS_ASSERTIONS = NO;
				ENABLE_STRICT_OBJC_MSGSEND = YES;
				GCC_C_LANGUAGE_STANDARD = gnu11;
				GCC_NO_COMMON_BLOCKS = YES;
				GCC_WARN_64_TO_32_BIT_CONVERSION = YES;
				GCC_WARN_ABOUT_RETURN_TYPE = YES_ERROR;
				GCC_WARN_UNDECLARED_SELECTOR = YES;
				GCC_WARN_UNINITIALIZED_AUTOS = YES_AGGRESSIVE;
				GCC_WARN_UNUSED_FUNCTION = YES;
				GCC_WARN_UNUSED_VARIABLE = YES;
				IPHONEOS_DEPLOYMENT_TARGET = 10.0;
				MTL_ENABLE_DEBUG_INFO = NO;
				SDKROOT = macosx;
				SUPPORTED_PLATFORMS = "macosx iphoneos iphonesimulator";
				SWIFT_OPTIMIZATION_LEVEL = "-Owholemodule";
				VALIDATE_PRODUCT = YES;
				VALID_ARCHS = "i386 x86_64 arm64 armv7 armv7s";
				VERSIONING_SYSTEM = "apple-generic";
				VERSION_INFO_PREFIX = "";
			};
			name = Release;
		};
		D4C294E4203490950040B988 /* Debug */ = {
			isa = XCBuildConfiguration;
			buildSettings = {
				APPLICATION_EXTENSION_API_ONLY = YES;
				CLANG_ENABLE_MODULES = YES;
				CODE_SIGN_IDENTITY = "";
				CODE_SIGN_STYLE = Automatic;
				DEFINES_MODULE = YES;
				DEVELOPMENT_TEAM = DHNJ8N28ZZ;
				DYLIB_COMPATIBILITY_VERSION = 1;
				DYLIB_CURRENT_VERSION = 1;
				DYLIB_INSTALL_NAME_BASE = "@rpath";
				INFOPLIST_FILE = SwiftLayout/Info.plist;
				INSTALL_PATH = "$(LOCAL_LIBRARY_DIR)/Frameworks";
				LD_RUNPATH_SEARCH_PATHS = "$(inherited) @executable_path/Frameworks @loader_path/Frameworks";
				PRODUCT_BUNDLE_IDENTIFIER = com.zetasq.SwiftLayout;
				PRODUCT_NAME = "$(TARGET_NAME:c99extidentifier)";
				SKIP_INSTALL = YES;
				SWIFT_OPTIMIZATION_LEVEL = "-Onone";
				SWIFT_VERSION = 4.2;
				TARGETED_DEVICE_FAMILY = "1,2";
			};
			name = Debug;
		};
		D4C294E5203490950040B988 /* Release */ = {
			isa = XCBuildConfiguration;
			buildSettings = {
				APPLICATION_EXTENSION_API_ONLY = YES;
				CLANG_ENABLE_MODULES = YES;
				CODE_SIGN_IDENTITY = "";
				CODE_SIGN_STYLE = Automatic;
				DEFINES_MODULE = YES;
				DEVELOPMENT_TEAM = DHNJ8N28ZZ;
				DYLIB_COMPATIBILITY_VERSION = 1;
				DYLIB_CURRENT_VERSION = 1;
				DYLIB_INSTALL_NAME_BASE = "@rpath";
				INFOPLIST_FILE = SwiftLayout/Info.plist;
				INSTALL_PATH = "$(LOCAL_LIBRARY_DIR)/Frameworks";
				LD_RUNPATH_SEARCH_PATHS = "$(inherited) @executable_path/Frameworks @loader_path/Frameworks";
				PRODUCT_BUNDLE_IDENTIFIER = com.zetasq.SwiftLayout;
				PRODUCT_NAME = "$(TARGET_NAME:c99extidentifier)";
				SKIP_INSTALL = YES;
				SWIFT_VERSION = 4.2;
				TARGETED_DEVICE_FAMILY = "1,2";
			};
			name = Release;
		};
		D4C294E7203490950040B988 /* Debug */ = {
			isa = XCBuildConfiguration;
			buildSettings = {
				ALWAYS_EMBED_SWIFT_STANDARD_LIBRARIES = YES;
				CODE_SIGN_IDENTITY = "";
				CODE_SIGN_STYLE = Automatic;
				DEVELOPMENT_TEAM = DHNJ8N28ZZ;
				FRAMEWORK_SEARCH_PATHS = (
					"$(SDKROOT)",
					"$(inherited)",
				);
				INFOPLIST_FILE = SwiftLayoutTests/Info.plist;
				LD_RUNPATH_SEARCH_PATHS = "$(inherited) @executable_path/Frameworks @loader_path/Frameworks @executable_path/../Frameworks @loader_path/../Frameworks";
				PRODUCT_BUNDLE_IDENTIFIER = com.zetasq.SwiftLayoutTests;
				PRODUCT_NAME = "$(TARGET_NAME)";
				PROVISIONING_PROFILE_SPECIFIER = "";
				SWIFT_VERSION = 4.2;
				TARGETED_DEVICE_FAMILY = "1,2";
			};
			name = Debug;
		};
		D4C294E8203490950040B988 /* Release */ = {
			isa = XCBuildConfiguration;
			buildSettings = {
				ALWAYS_EMBED_SWIFT_STANDARD_LIBRARIES = YES;
				CODE_SIGN_IDENTITY = "";
				CODE_SIGN_STYLE = Automatic;
				DEVELOPMENT_TEAM = DHNJ8N28ZZ;
				FRAMEWORK_SEARCH_PATHS = (
					"$(SDKROOT)",
					"$(inherited)",
				);
				INFOPLIST_FILE = SwiftLayoutTests/Info.plist;
				LD_RUNPATH_SEARCH_PATHS = "$(inherited) @executable_path/Frameworks @loader_path/Frameworks @executable_path/../Frameworks @loader_path/../Frameworks";
				PRODUCT_BUNDLE_IDENTIFIER = com.zetasq.SwiftLayoutTests;
				PRODUCT_NAME = "$(TARGET_NAME)";
				PROVISIONING_PROFILE_SPECIFIER = "";
				SWIFT_VERSION = 4.2;
				TARGETED_DEVICE_FAMILY = "1,2";
			};
			name = Release;
		};
/* End XCBuildConfiguration section */

/* Begin XCConfigurationList section */
		D4C294C9203490950040B988 /* Build configuration list for PBXProject "SwiftLayout" */ = {
			isa = XCConfigurationList;
			buildConfigurations = (
				D4C294E1203490950040B988 /* Debug */,
				D4C294E2203490950040B988 /* Release */,
			);
			defaultConfigurationIsVisible = 0;
			defaultConfigurationName = Release;
		};
		D4C294E3203490950040B988 /* Build configuration list for PBXNativeTarget "SwiftLayout" */ = {
			isa = XCConfigurationList;
			buildConfigurations = (
				D4C294E4203490950040B988 /* Debug */,
				D4C294E5203490950040B988 /* Release */,
			);
			defaultConfigurationIsVisible = 0;
			defaultConfigurationName = Release;
		};
		D4C294E6203490950040B988 /* Build configuration list for PBXNativeTarget "SwiftLayoutTests" */ = {
			isa = XCConfigurationList;
			buildConfigurations = (
				D4C294E7203490950040B988 /* Debug */,
				D4C294E8203490950040B988 /* Release */,
			);
			defaultConfigurationIsVisible = 0;
			defaultConfigurationName = Release;
		};
/* End XCConfigurationList section */
	};
	rootObject = D4C294C6203490950040B988 /* Project object */;
}
